// !$*UTF8*$!
{
	archiveVersion = 1;
	classes = {
	};
	objectVersion = 56;
	objects = {

/* Begin PBXBuildFile section */
		3E160C6A29161B9B00E1AED0 /* newsfeedApp.swift in Sources */ = {isa = PBXBuildFile; fileRef = 3E160C6929161B9B00E1AED0 /* newsfeedApp.swift */; };
		3E160C6C29161B9B00E1AED0 /* ContentView.swift in Sources */ = {isa = PBXBuildFile; fileRef = 3E160C6B29161B9B00E1AED0 /* ContentView.swift */; };
		3E160C6E29161B9C00E1AED0 /* Assets.xcassets in Resources */ = {isa = PBXBuildFile; fileRef = 3E160C6D29161B9C00E1AED0 /* Assets.xcassets */; };
		3E160C7129161B9C00E1AED0 /* Preview Assets.xcassets in Resources */ = {isa = PBXBuildFile; fileRef = 3E160C7029161B9C00E1AED0 /* Preview Assets.xcassets */; };
		3E160C8129161C5000E1AED0 /* Article.swift in Sources */ = {isa = PBXBuildFile; fileRef = 3E160C8029161C5000E1AED0 /* Article.swift */; };
		3E160C8329161C6400E1AED0 /* ArticleEndpoint.swift in Sources */ = {isa = PBXBuildFile; fileRef = 3E160C8229161C6400E1AED0 /* ArticleEndpoint.swift */; };
		3E160C8529161C7700E1AED0 /* NetworkError.swift in Sources */ = {isa = PBXBuildFile; fileRef = 3E160C8429161C7700E1AED0 /* NetworkError.swift */; };
		3E160C8729161C8B00E1AED0 /* ArticleService.swift in Sources */ = {isa = PBXBuildFile; fileRef = 3E160C8629161C8B00E1AED0 /* ArticleService.swift */; };
		3E160C8929161CA000E1AED0 /* ArticleViewModel.swift in Sources */ = {isa = PBXBuildFile; fileRef = 3E160C8829161CA000E1AED0 /* ArticleViewModel.swift */; };
		3E160C8B29161CB600E1AED0 /* ArticleView.swift in Sources */ = {isa = PBXBuildFile; fileRef = 3E160C8A29161CB600E1AED0 /* ArticleView.swift */; };
		3E160C8D29161CD100E1AED0 /* ErrorView.swift in Sources */ = {isa = PBXBuildFile; fileRef = 3E160C8C29161CD100E1AED0 /* ErrorView.swift */; };
		3E160C8F29161CEA00E1AED0 /* FeedView.swift in Sources */ = {isa = PBXBuildFile; fileRef = 3E160C8E29161CEA00E1AED0 /* FeedView.swift */; };
		3E160C9129161CFD00E1AED0 /* SettingsView.swift in Sources */ = {isa = PBXBuildFile; fileRef = 3E160C9029161CFD00E1AED0 /* SettingsView.swift */; };
		3E160C9429161D6200E1AED0 /* URLImage in Frameworks */ = {isa = PBXBuildFile; productRef = 3E160C9329161D6200E1AED0 /* URLImage */; };
		3E160C9629161D6200E1AED0 /* URLImageStore in Frameworks */ = {isa = PBXBuildFile; productRef = 3E160C9529161D6200E1AED0 /* URLImageStore */; };
/* End PBXBuildFile section */

/* Begin PBXFileReference section */
		3E160C6629161B9B00E1AED0 /* newsfeed.app */ = {isa = PBXFileReference; explicitFileType = wrapper.application; includeInIndex = 0; path = newsfeed.app; sourceTree = BUILT_PRODUCTS_DIR; };
		3E160C6929161B9B00E1AED0 /* newsfeedApp.swift */ = {isa = PBXFileReference; lastKnownFileType = sourcecode.swift; path = newsfeedApp.swift; sourceTree = "<group>"; };
		3E160C6B29161B9B00E1AED0 /* ContentView.swift */ = {isa = PBXFileReference; lastKnownFileType = sourcecode.swift; path = ContentView.swift; sourceTree = "<group>"; };
		3E160C6D29161B9C00E1AED0 /* Assets.xcassets */ = {isa = PBXFileReference; lastKnownFileType = folder.assetcatalog; path = Assets.xcassets; sourceTree = "<group>"; };
		3E160C7029161B9C00E1AED0 /* Preview Assets.xcassets */ = {isa = PBXFileReference; lastKnownFileType = folder.assetcatalog; path = "Preview Assets.xcassets"; sourceTree = "<group>"; };
		3E160C8029161C5000E1AED0 /* Article.swift */ = {isa = PBXFileReference; lastKnownFileType = sourcecode.swift; path = Article.swift; sourceTree = "<group>"; };
		3E160C8229161C6400E1AED0 /* ArticleEndpoint.swift */ = {isa = PBXFileReference; lastKnownFileType = sourcecode.swift; path = ArticleEndpoint.swift; sourceTree = "<group>"; };
		3E160C8429161C7700E1AED0 /* NetworkError.swift */ = {isa = PBXFileReference; lastKnownFileType = sourcecode.swift; path = NetworkError.swift; sourceTree = "<group>"; };
		3E160C8629161C8B00E1AED0 /* ArticleService.swift */ = {isa = PBXFileReference; lastKnownFileType = sourcecode.swift; path = ArticleService.swift; sourceTree = "<group>"; };
		3E160C8829161CA000E1AED0 /* ArticleViewModel.swift */ = {isa = PBXFileReference; lastKnownFileType = sourcecode.swift; path = ArticleViewModel.swift; sourceTree = "<group>"; };
		3E160C8A29161CB600E1AED0 /* ArticleView.swift */ = {isa = PBXFileReference; lastKnownFileType = sourcecode.swift; path = ArticleView.swift; sourceTree = "<group>"; };
		3E160C8C29161CD100E1AED0 /* ErrorView.swift */ = {isa = PBXFileReference; lastKnownFileType = sourcecode.swift; path = ErrorView.swift; sourceTree = "<group>"; };
		3E160C8E29161CEA00E1AED0 /* FeedView.swift */ = {isa = PBXFileReference; lastKnownFileType = sourcecode.swift; path = FeedView.swift; sourceTree = "<group>"; };
		3E160C9029161CFD00E1AED0 /* SettingsView.swift */ = {isa = PBXFileReference; lastKnownFileType = sourcecode.swift; path = SettingsView.swift; sourceTree = "<group>"; };
/* End PBXFileReference section */

/* Begin PBXFrameworksBuildPhase section */
		3E160C6329161B9B00E1AED0 /* Frameworks */ = {
			isa = PBXFrameworksBuildPhase;
			buildActionMask = 2147483647;
			files = (
				3E160C9629161D6200E1AED0 /* URLImageStore in Frameworks */,
				3E160C9429161D6200E1AED0 /* URLImage in Frameworks */,
			);
			runOnlyForDeploymentPostprocessing = 0;
		};
/* End PBXFrameworksBuildPhase section */

/* Begin PBXGroup section */
		3E160C5D29161B9B00E1AED0 = {
			isa = PBXGroup;
			children = (
				3E160C6829161B9B00E1AED0 /* newsfeed */,
				3E160C6729161B9B00E1AED0 /* Products */,
			);
			sourceTree = "<group>";
		};
		3E160C6729161B9B00E1AED0 /* Products */ = {
			isa = PBXGroup;
			children = (
				3E160C6629161B9B00E1AED0 /* newsfeed.app */,
			);
			name = Products;
			sourceTree = "<group>";
		};
		3E160C6829161B9B00E1AED0 /* newsfeed */ = {
			isa = PBXGroup;
			children = (
				3E160C7F29161C3A00E1AED0 /* Models */,
				3E160C7E29161C3100E1AED0 /* Endpoint */,
				3E160C7D29161C2700E1AED0 /* Enum */,
				3E160C7C29161C1900E1AED0 /* Service */,
				3E160C7B29161C0C00E1AED0 /* ViewModel */,
				3E160C7A29161C0300E1AED0 /* Views */,
				3E160C6929161B9B00E1AED0 /* newsfeedApp.swift */,
				3E160C6B29161B9B00E1AED0 /* ContentView.swift */,
				3E160C6D29161B9C00E1AED0 /* Assets.xcassets */,
				3E160C6F29161B9C00E1AED0 /* Preview Content */,
			);
			path = newsfeed;
			sourceTree = "<group>";
		};
		3E160C6F29161B9C00E1AED0 /* Preview Content */ = {
			isa = PBXGroup;
			children = (
				3E160C7029161B9C00E1AED0 /* Preview Assets.xcassets */,
			);
			path = "Preview Content";
			sourceTree = "<group>";
		};
		3E160C7A29161C0300E1AED0 /* Views */ = {
			isa = PBXGroup;
			children = (
				3E160C8A29161CB600E1AED0 /* ArticleView.swift */,
				3E160C8C29161CD100E1AED0 /* ErrorView.swift */,
				3E160C8E29161CEA00E1AED0 /* FeedView.swift */,
				3E160C9029161CFD00E1AED0 /* SettingsView.swift */,
			);
			path = Views;
			sourceTree = "<group>";
		};
		3E160C7B29161C0C00E1AED0 /* ViewModel */ = {
			isa = PBXGroup;
			children = (
				3E160C8829161CA000E1AED0 /* ArticleViewModel.swift */,
			);
			path = ViewModel;
			sourceTree = "<group>";
		};
		3E160C7C29161C1900E1AED0 /* Service */ = {
			isa = PBXGroup;
			children = (
				3E160C8629161C8B00E1AED0 /* ArticleService.swift */,
			);
			path = Service;
			sourceTree = "<group>";
		};
		3E160C7D29161C2700E1AED0 /* Enum */ = {
			isa = PBXGroup;
			children = (
				3E160C8429161C7700E1AED0 /* NetworkError.swift */,
			);
			path = Enum;
			sourceTree = "<group>";
		};
		3E160C7E29161C3100E1AED0 /* Endpoint */ = {
			isa = PBXGroup;
			children = (
				3E160C8229161C6400E1AED0 /* ArticleEndpoint.swift */,
			);
			path = Endpoint;
			sourceTree = "<group>";
		};
		3E160C7F29161C3A00E1AED0 /* Models */ = {
			isa = PBXGroup;
			children = (
				3E160C8029161C5000E1AED0 /* Article.swift */,
			);
			path = Models;
			sourceTree = "<group>";
		};
/* End PBXGroup section */

/* Begin PBXNativeTarget section */
		3E160C6529161B9B00E1AED0 /* newsfeed */ = {
			isa = PBXNativeTarget;
			buildConfigurationList = 3E160C7429161B9C00E1AED0 /* Build configuration list for PBXNativeTarget "newsfeed" */;
			buildPhases = (
				3E160C6229161B9B00E1AED0 /* Sources */,
				3E160C6329161B9B00E1AED0 /* Frameworks */,
				3E160C6429161B9B00E1AED0 /* Resources */,
			);
			buildRules = (
			);
			dependencies = (
			);
			name = newsfeed;
			packageProductDependencies = (
				3E160C9329161D6200E1AED0 /* URLImage */,
				3E160C9529161D6200E1AED0 /* URLImageStore */,
			);
			productName = newsfeed;
			productReference = 3E160C6629161B9B00E1AED0 /* newsfeed.app */;
			productType = "com.apple.product-type.application";
		};
/* End PBXNativeTarget section */

/* Begin PBXProject section */
		3E160C5E29161B9B00E1AED0 /* Project object */ = {
			isa = PBXProject;
			attributes = {
				BuildIndependentTargetsInParallel = 1;
				LastSwiftUpdateCheck = 1400;
				LastUpgradeCheck = 1400;
				TargetAttributes = {
					3E160C6529161B9B00E1AED0 = {
						CreatedOnToolsVersion = 14.0.1;
					};
				};
			};
			buildConfigurationList = 3E160C6129161B9B00E1AED0 /* Build configuration list for PBXProject "newsfeed" */;
			compatibilityVersion = "Xcode 14.0";
			developmentRegion = en;
			hasScannedForEncodings = 0;
			knownRegions = (
				en,
				Base,
			);
			mainGroup = 3E160C5D29161B9B00E1AED0;
			packageReferences = (
				3E160C9229161D6200E1AED0 /* XCRemoteSwiftPackageReference "url-image" */,
			);
			productRefGroup = 3E160C6729161B9B00E1AED0 /* Products */;
			projectDirPath = "";
			projectRoot = "";
			targets = (
				3E160C6529161B9B00E1AED0 /* newsfeed */,
			);
		};
/* End PBXProject section */

/* Begin PBXResourcesBuildPhase section */
		3E160C6429161B9B00E1AED0 /* Resources */ = {
			isa = PBXResourcesBuildPhase;
			buildActionMask = 2147483647;
			files = (
				3E160C7129161B9C00E1AED0 /* Preview Assets.xcassets in Resources */,
				3E160C6E29161B9C00E1AED0 /* Assets.xcassets in Resources */,
			);
			runOnlyForDeploymentPostprocessing = 0;
		};
/* End PBXResourcesBuildPhase section */

/* Begin PBXSourcesBuildPhase section */
		3E160C6229161B9B00E1AED0 /* Sources */ = {
			isa = PBXSourcesBuildPhase;
			buildActionMask = 2147483647;
			files = (
				3E160C8F29161CEA00E1AED0 /* FeedView.swift in Sources */,
				3E160C6C29161B9B00E1AED0 /* ContentView.swift in Sources */,
				3E160C8329161C6400E1AED0 /* ArticleEndpoint.swift in Sources */,
				3E160C8729161C8B00E1AED0 /* ArticleService.swift in Sources */,
				3E160C8B29161CB600E1AED0 /* ArticleView.swift in Sources */,
				3E160C6A29161B9B00E1AED0 /* newsfeedApp.swift in Sources */,
				3E160C8129161C5000E1AED0 /* Article.swift in Sources */,
				3E160C8929161CA000E1AED0 /* ArticleViewModel.swift in Sources */,
				3E160C8D29161CD100E1AED0 /* ErrorView.swift in Sources */,
				3E160C8529161C7700E1AED0 /* NetworkError.swift in Sources */,
				3E160C9129161CFD00E1AED0 /* SettingsView.swift in Sources */,
			);
			runOnlyForDeploymentPostprocessing = 0;
		};
/* End PBXSourcesBuildPhase section */

/* Begin XCBuildConfiguration section */
		3E160C7229161B9C00E1AED0 /* Debug */ = {
			isa = XCBuildConfiguration;
			buildSettings = {
				ALWAYS_SEARCH_USER_PATHS = NO;
				CLANG_ANALYZER_NONNULL = YES;
				CLANG_ANALYZER_NUMBER_OBJECT_CONVERSION = YES_AGGRESSIVE;
				CLANG_CXX_LANGUAGE_STANDARD = "gnu++20";
				CLANG_ENABLE_MODULES = YES;
				CLANG_ENABLE_OBJC_ARC = YES;
				CLANG_ENABLE_OBJC_WEAK = YES;
				CLANG_WARN_BLOCK_CAPTURE_AUTORELEASING = YES;
				CLANG_WARN_BOOL_CONVERSION = YES;
				CLANG_WARN_COMMA = YES;
				CLANG_WARN_CONSTANT_CONVERSION = YES;
				CLANG_WARN_DEPRECATED_OBJC_IMPLEMENTATIONS = YES;
				CLANG_WARN_DIRECT_OBJC_ISA_USAGE = YES_ERROR;
				CLANG_WARN_DOCUMENTATION_COMMENTS = YES;
				CLANG_WARN_EMPTY_BODY = YES;
				CLANG_WARN_ENUM_CONVERSION = YES;
				CLANG_WARN_INFINITE_RECURSION = YES;
				CLANG_WARN_INT_CONVERSION = YES;
				CLANG_WARN_NON_LITERAL_NULL_CONVERSION = YES;
				CLANG_WARN_OBJC_IMPLICIT_RETAIN_SELF = YES;
				CLANG_WARN_OBJC_LITERAL_CONVERSION = YES;
				CLANG_WARN_OBJC_ROOT_CLASS = YES_ERROR;
				CLANG_WARN_QUOTED_INCLUDE_IN_FRAMEWORK_HEADER = YES;
				CLANG_WARN_RANGE_LOOP_ANALYSIS = YES;
				CLANG_WARN_STRICT_PROTOTYPES = YES;
				CLANG_WARN_SUSPICIOUS_MOVE = YES;
				CLANG_WARN_UNGUARDED_AVAILABILITY = YES_AGGRESSIVE;
				CLANG_WARN_UNREACHABLE_CODE = YES;
				CLANG_WARN__DUPLICATE_METHOD_MATCH = YES;
				COPY_PHASE_STRIP = NO;
				DEBUG_INFORMATION_FORMAT = dwarf;
				ENABLE_STRICT_OBJC_MSGSEND = YES;
				ENABLE_TESTABILITY = YES;
				GCC_C_LANGUAGE_STANDARD = gnu11;
				GCC_DYNAMIC_NO_PIC = NO;
				GCC_NO_COMMON_BLOCKS = YES;
				GCC_OPTIMIZATION_LEVEL = 0;
				GCC_PREPROCESSOR_DEFINITIONS = (
					"DEBUG=1",
					"$(inherited)",
				);
				GCC_WARN_64_TO_32_BIT_CONVERSION = YES;
				GCC_WARN_ABOUT_RETURN_TYPE = YES_ERROR;
				GCC_WARN_UNDECLARED_SELECTOR = YES;
				GCC_WARN_UNINITIALIZED_AUTOS = YES_AGGRESSIVE;
				GCC_WARN_UNUSED_FUNCTION = YES;
				GCC_WARN_UNUSED_VARIABLE = YES;
				IPHONEOS_DEPLOYMENT_TARGET = 16.0;
				MTL_ENABLE_DEBUG_INFO = INCLUDE_SOURCE;
				MTL_FAST_MATH = YES;
				ONLY_ACTIVE_ARCH = YES;
				SDKROOT = iphoneos;
				SWIFT_ACTIVE_COMPILATION_CONDITIONS = DEBUG;
				SWIFT_OPTIMIZATION_LEVEL = "-Onone";
			};
			name = Debug;
		};
		3E160C7329161B9C00E1AED0 /* Release */ = {
			isa = XCBuildConfiguration;
			buildSettings = {
				ALWAYS_SEARCH_USER_PATHS = NO;
				CLANG_ANALYZER_NONNULL = YES;
				CLANG_ANALYZER_NUMBER_OBJECT_CONVERSION = YES_AGGRESSIVE;
				CLANG_CXX_LANGUAGE_STANDARD = "gnu++20";
				CLANG_ENABLE_MODULES = YES;
				CLANG_ENABLE_OBJC_ARC = YES;
				CLANG_ENABLE_OBJC_WEAK = YES;
				CLANG_WARN_BLOCK_CAPTURE_AUTORELEASING = YES;
				CLANG_WARN_BOOL_CONVERSION = YES;
				CLANG_WARN_COMMA = YES;
				CLANG_WARN_CONSTANT_CONVERSION = YES;
				CLANG_WARN_DEPRECATED_OBJC_IMPLEMENTATIONS = YES;
				CLANG_WARN_DIRECT_OBJC_ISA_USAGE = YES_ERROR;
				CLANG_WARN_DOCUMENTATION_COMMENTS = YES;
				CLANG_WARN_EMPTY_BODY = YES;
				CLANG_WARN_ENUM_CONVERSION = YES;
				CLANG_WARN_INFINITE_RECURSION = YES;
				CLANG_WARN_INT_CONVERSION = YES;
				CLANG_WARN_NON_LITERAL_NULL_CONVERSION = YES;
				CLANG_WARN_OBJC_IMPLICIT_RETAIN_SELF = YES;
				CLANG_WARN_OBJC_LITERAL_CONVERSION = YES;
				CLANG_WARN_OBJC_ROOT_CLASS = YES_ERROR;
				CLANG_WARN_QUOTED_INCLUDE_IN_FRAMEWORK_HEADER = YES;
				CLANG_WARN_RANGE_LOOP_ANALYSIS = YES;
				CLANG_WARN_STRICT_PROTOTYPES = YES;
				CLANG_WARN_SUSPICIOUS_MOVE = YES;
				CLANG_WARN_UNGUARDED_AVAILABILITY = YES_AGGRESSIVE;
				CLANG_WARN_UNREACHABLE_CODE = YES;
				CLANG_WARN__DUPLICATE_METHOD_MATCH = YES;
				COPY_PHASE_STRIP = NO;
				DEBUG_INFORMATION_FORMAT = "dwarf-with-dsym";
				ENABLE_NS_ASSERTIONS = NO;
				ENABLE_STRICT_OBJC_MSGSEND = YES;
				GCC_C_LANGUAGE_STANDARD = gnu11;
				GCC_NO_COMMON_BLOCKS = YES;
				GCC_WARN_64_TO_32_BIT_CONVERSION = YES;
				GCC_WARN_ABOUT_RETURN_TYPE = YES_ERROR;
				GCC_WARN_UNDECLARED_SELECTOR = YES;
				GCC_WARN_UNINITIALIZED_AUTOS = YES_AGGRESSIVE;
				GCC_WARN_UNUSED_FUNCTION = YES;
				GCC_WARN_UNUSED_VARIABLE = YES;
				IPHONEOS_DEPLOYMENT_TARGET = 16.0;
				MTL_ENABLE_DEBUG_INFO = NO;
				MTL_FAST_MATH = YES;
				SDKROOT = iphoneos;
				SWIFT_COMPILATION_MODE = wholemodule;
				SWIFT_OPTIMIZATION_LEVEL = "-O";
				VALIDATE_PRODUCT = YES;
			};
			name = Release;
		};
		3E160C7529161B9C00E1AED0 /* Debug */ = {
			isa = XCBuildConfiguration;
			buildSettings = {
				ASSETCATALOG_COMPILER_APPICON_NAME = AppIcon;
				ASSETCATALOG_COMPILER_GLOBAL_ACCENT_COLOR_NAME = AccentColor;
				CODE_SIGN_STYLE = Automatic;
				CURRENT_PROJECT_VERSION = 1;
				DEVELOPMENT_ASSET_PATHS = "\"newsfeed/Preview Content\"";
				ENABLE_PREVIEWS = YES;
				GENERATE_INFOPLIST_FILE = YES;
				INFOPLIST_KEY_UIApplicationSceneManifest_Generation = YES;
				INFOPLIST_KEY_UIApplicationSupportsIndirectInputEvents = YES;
				INFOPLIST_KEY_UILaunchScreen_Generation = YES;
				INFOPLIST_KEY_UISupportedInterfaceOrientations_iPad = "UIInterfaceOrientationPortrait UIInterfaceOrientationPortraitUpsideDown UIInterfaceOrientationLandscapeLeft UIInterfaceOrientationLandscapeRight";
				INFOPLIST_KEY_UISupportedInterfaceOrientations_iPhone = "UIInterfaceOrientationPortrait UIInterfaceOrientationLandscapeLeft UIInterfaceOrientationLandscapeRight";
				LD_RUNPATH_SEARCH_PATHS = (
					"$(inherited)",
					"@executable_path/Frameworks",
				);
				MARKETING_VERSION = 1.0;
				PRODUCT_BUNDLE_IDENTIFIER = com.neman.newsfeed;
				PRODUCT_NAME = "$(TARGET_NAME)";
				SWIFT_EMIT_LOC_STRINGS = YES;
				SWIFT_VERSION = 5.0;
				TARGETED_DEVICE_FAMILY = "1,2";
			};
			name = Debug;
		};
		3E160C7629161B9C00E1AED0 /* Release */ = {
			isa = XCBuildConfiguration;
			buildSettings = {
				ASSETCATALOG_COMPILER_APPICON_NAME = AppIcon;
				ASSETCATALOG_COMPILER_GLOBAL_ACCENT_COLOR_NAME = AccentColor;
				CODE_SIGN_STYLE = Automatic;
				CURRENT_PROJECT_VERSION = 1;
				DEVELOPMENT_ASSET_PATHS = "\"newsfeed/Preview Content\"";
				ENABLE_PREVIEWS = YES;
				GENERATE_INFOPLIST_FILE = YES;
				INFOPLIST_KEY_UIApplicationSceneManifest_Generation = YES;
				INFOPLIST_KEY_UIApplicationSupportsIndirectInputEvents = YES;
				INFOPLIST_KEY_UILaunchScreen_Generation = YES;
				INFOPLIST_KEY_UISupportedInterfaceOrientations_iPad = "UIInterfaceOrientationPortrait UIInterfaceOrientationPortraitUpsideDown UIInterfaceOrientationLandscapeLeft UIInterfaceOrientationLandscapeRight";
				INFOPLIST_KEY_UISupportedInterfaceOrientations_iPhone = "UIInterfaceOrientationPortrait UIInterfaceOrientationLandscapeLeft UIInterfaceOrientationLandscapeRight";
				LD_RUNPATH_SEARCH_PATHS = (
					"$(inherited)",
					"@executable_path/Frameworks",
				);
				MARKETING_VERSION = 1.0;
				PRODUCT_BUNDLE_IDENTIFIER = com.neman.newsfeed;
				PRODUCT_NAME = "$(TARGET_NAME)";
				SWIFT_EMIT_LOC_STRINGS = YES;
				SWIFT_VERSION = 5.0;
				TARGETED_DEVICE_FAMILY = "1,2";
			};
			name = Release;
		};
/* End XCBuildConfiguration section */

/* Begin XCConfigurationList section */
		3E160C6129161B9B00E1AED0 /* Build configuration list for PBXProject "newsfeed" */ = {
			isa = XCConfigurationList;
			buildConfigurations = (
				3E160C7229161B9C00E1AED0 /* Debug */,
				3E160C7329161B9C00E1AED0 /* Release */,
			);
			defaultConfigurationIsVisible = 0;
			defaultConfigurationName = Release;
		};
		3E160C7429161B9C00E1AED0 /* Build configuration list for PBXNativeTarget "newsfeed" */ = {
			isa = XCConfigurationList;
			buildConfigurations = (
				3E160C7529161B9C00E1AED0 /* Debug */,
				3E160C7629161B9C00E1AED0 /* Release */,
			);
			defaultConfigurationIsVisible = 0;
			defaultConfigurationName = Release;
		};
/* End XCConfigurationList section */

/* Begin XCRemoteSwiftPackageReference section */
		3E160C9229161D6200E1AED0 /* XCRemoteSwiftPackageReference "url-image" */ = {
			isa = XCRemoteSwiftPackageReference;
			repositoryURL = "https://github.com/dmytro-anokhin/url-image";
			requirement = {
				branch = main;
				kind = branch;
			};
		};
/* End XCRemoteSwiftPackageReference section */

/* Begin XCSwiftPackageProductDependency section */
		3E160C9329161D6200E1AED0 /* URLImage */ = {
			isa = XCSwiftPackageProductDependency;
			package = 3E160C9229161D6200E1AED0 /* XCRemoteSwiftPackageReference "url-image" */;
			productName = URLImage;
		};
		3E160C9529161D6200E1AED0 /* URLImageStore */ = {
			isa = XCSwiftPackageProductDependency;
			package = 3E160C9229161D6200E1AED0 /* XCRemoteSwiftPackageReference "url-image" */;
			productName = URLImageStore;
		};
/* End XCSwiftPackageProductDependency section */
	};
	rootObject = 3E160C5E29161B9B00E1AED0 /* Project object */;
}
